
Microsoft Visual Studio Solution File, Format Version 12.00
# Visual Studio 15
VisualStudioVersion = 15.0.28307.539
MinimumVisualStudioVersion = 10.0.40219.1
Project("{FAE04EC0-301F-11D3-BF4B-00C04F79EFBC}") = "LUIS1", "LUIS1\LUIS1.csproj", "{111EE904-9AB7-4646-83A3-F955BC554F4C}"
EndProject
Global
	GlobalSection(SolutionConfigurationPlatforms) = preSolution
		Debug|Any CPU = Debug|Any CPU
		Release|Any CPU = Release|Any CPU
	EndGlobalSection
	GlobalSection(ProjectConfigurationPlatforms) = postSolution
		{111EE904-9AB7-4646-83A3-F955BC554F4C}.Debug|Any CPU.ActiveCfg = Debug|Any CPU
		{111EE904-9AB7-4646-83A3-F955BC554F4C}.Debug|Any CPU.Build.0 = Debug|Any CPU
		{111EE904-9AB7-4646-83A3-F955BC554F4C}.Release|Any CPU.ActiveCfg = Release|Any CPU
		{111EE904-9AB7-4646-83A3-F955BC554F4C}.Release|Any CPU.Build.0 = Release|Any CPU
	EndGlobalSection
	GlobalSection(SolutionProperties) = preSolution
		HideSolutionNode = FALSE
	EndGlobalSection
	GlobalSection(ExtensibilityGlobals) = postSolution
		SolutionGuid = {C647B23F-B45B-488C-85E6-2ED6542FE8A4}
	EndGlobalSection
EndGlobal
